{
  "name": "designsystem",
  "lockfileVersion": 3,
  "requires": true,
  "packages": {
    "": {
      "dependencies": {
        "@mattilsynet/design": "^0.0.3"
      }
    },
    "node_modules/@digdir/designsystemet-css": {
      "version": "1.0.0-next.35",
      "resolved": "https://registry.npmjs.org/@digdir/designsystemet-css/-/designsystemet-css-1.0.0-next.35.tgz",
      "integrity": "sha512-bPnT4dU8GO0/1vz3J3Id3k3bhQ9HRynVrUjJ5U0mqeY5c6jjlHWN+e8TSbf34+MPcYFqrkIKiBTyG76y1+LkJA==",
      "license": "MIT"
    },
    "node_modules/@digdir/designsystemet-theme": {
      "version": "1.0.0-rc.13",
      "resolved": "https://registry.npmjs.org/@digdir/designsystemet-theme/-/designsystemet-theme-1.0.0-rc.13.tgz",
      "integrity": "sha512-Pp5r6q/QTMKyX1Zwk4oG3kopRqNN9MRAvb2Pw52sdQad7u577LjVcQ8uScJJ8SJYgUAUiy0ErFOPT9QRmULo2g==",
      "license": "MIT"
    },
    "node_modules/@mattilsynet/design": {
      "version": "0.0.3",
      "resolved": "https://registry.npmjs.org/@mattilsynet/design/-/design-0.0.3.tgz",
      "integrity": "sha512-V4vXaI+Xh1RbeDlljHaMFhVjv1l5I9OVM1ZZrZ/aY8DlwpGb5fde9RebXhBDna+C2jjiFKF5gczQM4kHZVnPtQ==",
      "dependencies": {
        "@digdir/designsystemet-css": "^1.0.0-next.35",
        "@digdir/designsystemet-theme": "^1.0.0-next.35"
      }
    }
  }
}
